
Microsoft Visual Studio Solution File, Format Version 12.00
# Visual Studio Version 17
VisualStudioVersion = 17.9.34902.65
MinimumVisualStudioVersion = 10.0.40219.1
Project("{FAE04EC0-301F-11D3-BF4B-00C04F79EFBC}") = "Server", "Server.csproj", "{FE484CEB-C630-427F-8C5E-B28E98FE50F8}"
EndProject
Global
	GlobalSection(SolutionConfigurationPlatforms) = preSolution
		Debug|Any CPU = Debug|Any CPU
		Release|Any CPU = Release|Any CPU
	EndGlobalSection
	GlobalSection(ProjectConfigurationPlatforms) = postSolution
		{FE484CEB-C630-427F-8C5E-B28E98FE50F8}.Debug|Any CPU.ActiveCfg = Debug|Any CPU
		{FE484CEB-C630-427F-8C5E-B28E98FE50F8}.Debug|Any CPU.Build.0 = Debug|Any CPU
		{FE484CEB-C630-427F-8C5E-B28E98FE50F8}.Release|Any CPU.ActiveCfg = Release|Any CPU
		{FE484CEB-C630-427F-8C5E-B28E98FE50F8}.Release|Any CPU.Build.0 = Release|Any CPU
	EndGlobalSection
	GlobalSection(SolutionProperties) = preSolution
		HideSolutionNode = FALSE
	EndGlobalSection
	GlobalSection(ExtensibilityGlobals) = postSolution
		SolutionGuid = {B7B9B381-1501-435D-AA8C-048B5A358FA4}
	EndGlobalSection
EndGlobal
